
Microsoft Visual Studio Solution File, Format Version 12.00
# Visual Studio Version 17
VisualStudioVersion = 17.8.34330.188
MinimumVisualStudioVersion = 10.0.40219.1
Project("{FAE04EC0-301F-11D3-BF4B-00C04F79EFBC}") = "FilesSharingS3.Application", "FilesSharingS3.Application\FilesSharingS3.Application.csproj", "{695D5C64-9C25-4942-BDFE-32E798C8AF27}"
EndProject
Global
	GlobalSection(SolutionConfigurationPlatforms) = preSolution
		Debug|Any CPU = Debug|Any CPU
		Release|Any CPU = Release|Any CPU
	EndGlobalSection
	GlobalSection(ProjectConfigurationPlatforms) = postSolution
		{695D5C64-9C25-4942-BDFE-32E798C8AF27}.Debug|Any CPU.ActiveCfg = Debug|Any CPU
		{695D5C64-9C25-4942-BDFE-32E798C8AF27}.Debug|Any CPU.Build.0 = Debug|Any CPU
		{695D5C64-9C25-4942-BDFE-32E798C8AF27}.Release|Any CPU.ActiveCfg = Release|Any CPU
		{695D5C64-9C25-4942-BDFE-32E798C8AF27}.Release|Any CPU.Build.0 = Release|Any CPU
	EndGlobalSection
	GlobalSection(SolutionProperties) = preSolution
		HideSolutionNode = FALSE
	EndGlobalSection
	GlobalSection(ExtensibilityGlobals) = postSolution
		SolutionGuid = {35874631-89C0-437A-B31A-310DCACAFD60}
	EndGlobalSection
EndGlobal
